
Microsoft Visual Studio Solution File, Format Version 12.00
# Visual Studio 15
Project("{FAE04EC0-301F-11D3-BF4B-00C04F79EFBC}") = "UnityEngine.TestRunner", "UnityEngine.TestRunner.csproj", "{D4C7D804-CFF5-A2C3-85A0-8C5B9AEA5789}"
EndProject
Project("{FAE04EC0-301F-11D3-BF4B-00C04F79EFBC}") = "UnityEngine.UI", "UnityEngine.UI.csproj", "{A60E58D8-C799-2D0B-A318-0285D004CE01}"
EndProject
Project("{FAE04EC0-301F-11D3-BF4B-00C04F79EFBC}") = "Unity.VisualScripting.Flow", "Unity.VisualScripting.Flow.csproj", "{41089C20-F39B-C3A4-32DB-C1A858A45D98}"
EndProject
Project("{FAE04EC0-301F-11D3-BF4B-00C04F79EFBC}") = "Unity.Mathematics", "Unity.Mathematics.csproj", "{18ECE694-D8B9-1D88-2B4C-A761C9116413}"
EndProject
Project("{FAE04EC0-301F-11D3-BF4B-00C04F79EFBC}") = "Unity.VisualScripting.State", "Unity.VisualScripting.State.csproj", "{2517CE8C-E725-43AD-5362-4A52CEE7D327}"
EndProject
Project("{FAE04EC0-301F-11D3-BF4B-00C04F79EFBC}") = "Unity.VisualScripting.Core", "Unity.VisualScripting.Core.csproj", "{81BECCE2-5621-8D15-4D23-0C799F64E680}"
EndProject
Project("{FAE04EC0-301F-11D3-BF4B-00C04F79EFBC}") = "Unity.Burst", "Unity.Burst.csproj", "{67CE0C42-8755-5A4E-B80E-C119939FF68B}"
EndProject
Project("{FAE04EC0-301F-11D3-BF4B-00C04F79EFBC}") = "Unity.2D.Animation.Runtime", "Unity.2D.Animation.Runtime.csproj", "{1E0B8E51-DA2F-95C4-B8BD-C0F19D239B54}"
EndProject
Project("{FAE04EC0-301F-11D3-BF4B-00C04F79EFBC}") = "Unity.TextMeshPro", "Unity.TextMeshPro.csproj", "{EF731279-E265-0EA5-E36E-88978AD8AA2C}"
EndProject
Project("{FAE04EC0-301F-11D3-BF4B-00C04F79EFBC}") = "Unity.Timeline", "Unity.Timeline.csproj", "{A77977E0-476B-F3E0-1565-35A7968A92F0}"
EndProject
Project("{FAE04EC0-301F-11D3-BF4B-00C04F79EFBC}") = "Unity.2D.SpriteShape.Runtime", "Unity.2D.SpriteShape.Runtime.csproj", "{781AEB40-4759-9DC7-00A1-58D109B1C601}"
EndProject
Project("{FAE04EC0-301F-11D3-BF4B-00C04F79EFBC}") = "Unity.2D.PixelPerfect", "Unity.2D.PixelPerfect.csproj", "{7408A09D-9C3D-B29A-3027-57EB8987AE69}"
EndProject
Project("{FAE04EC0-301F-11D3-BF4B-00C04F79EFBC}") = "Unity.2D.Common.Runtime", "Unity.2D.Common.Runtime.csproj", "{F239311C-F34B-7B11-EFAF-D7A2E4438DF9}"
EndProject
Project("{FAE04EC0-301F-11D3-BF4B-00C04F79EFBC}") = "Unity.2D.IK.Runtime", "Unity.2D.IK.Runtime.csproj", "{53F47C8D-DCA0-D5E1-BC50-9ECA49679010}"
EndProject
Project("{FAE04EC0-301F-11D3-BF4B-00C04F79EFBC}") = "Unity.2D.Tilemap.Extras", "Unity.2D.Tilemap.Extras.csproj", "{613E3C21-59AD-9012-6205-50DFF953228E}"
EndProject
Project("{FAE04EC0-301F-11D3-BF4B-00C04F79EFBC}") = "Unity.InternalAPIEngineBridge.001", "Unity.InternalAPIEngineBridge.001.csproj", "{386D0112-4854-1737-AD12-523222A01802}"
EndProject
Project("{FAE04EC0-301F-11D3-BF4B-00C04F79EFBC}") = "Assembly-CSharp", "Assembly-CSharp.csproj", "{9AD45770-5278-734E-9CA4-7AC8ED7B383A}"
EndProject
Project("{FAE04EC0-301F-11D3-BF4B-00C04F79EFBC}") = "Unity.PlasticSCM.Editor", "Unity.PlasticSCM.Editor.csproj", "{2557400C-8B3D-5460-C94A-6CFF4BF3B804}"
EndProject
Project("{FAE04EC0-301F-11D3-BF4B-00C04F79EFBC}") = "Unity.VisualScripting.Core.Editor", "Unity.VisualScripting.Core.Editor.csproj", "{AC97CBEA-7E7F-6E6A-81BF-49FF8433F1C3}"
EndProject
Project("{FAE04EC0-301F-11D3-BF4B-00C04F79EFBC}") = "Unity.VisualScripting.Flow.Editor", "Unity.VisualScripting.Flow.Editor.csproj", "{B9015E3B-44DD-8C6B-42D3-3F9125C715B9}"
EndProject
Project("{FAE04EC0-301F-11D3-BF4B-00C04F79EFBC}") = "Unity.VisualStudio.Editor", "Unity.VisualStudio.Editor.csproj", "{BF210D75-D281-8F4C-C37E-10E09019FF72}"
EndProject
Project("{FAE04EC0-301F-11D3-BF4B-00C04F79EFBC}") = "Unity.Timeline.Editor", "Unity.Timeline.Editor.csproj", "{26E43C95-B6A5-B35C-C3D3-D02F9545BBDD}"
EndProject
Project("{FAE04EC0-301F-11D3-BF4B-00C04F79EFBC}") = "Unity.VisualScripting.State.Editor", "Unity.VisualScripting.State.Editor.csproj", "{C2D7958E-7773-CEDB-CF25-050A139AE7E6}"
EndProject
Project("{FAE04EC0-301F-11D3-BF4B-00C04F79EFBC}") = "Unity.TextMeshPro.Editor", "Unity.TextMeshPro.Editor.csproj", "{22142030-DA3B-0A0E-AA8B-6D5729570AE5}"
EndProject
Project("{FAE04EC0-301F-11D3-BF4B-00C04F79EFBC}") = "Unity.2D.Animation.Editor", "Unity.2D.Animation.Editor.csproj", "{C52E350B-9F40-7B87-492C-FF03AFDB2E40}"
EndProject
Project("{FAE04EC0-301F-11D3-BF4B-00C04F79EFBC}") = "Unity.VisualScripting.SettingsProvider.Editor", "Unity.VisualScripting.SettingsProvider.Editor.csproj", "{DE8EB653-8C53-3CB3-69C6-5D1F842C5C9C}"
EndProject
Project("{FAE04EC0-301F-11D3-BF4B-00C04F79EFBC}") = "Unity.CollabProxy.Editor", "Unity.CollabProxy.Editor.csproj", "{EE5F09B9-25D5-5377-C734-F7270F114A05}"
EndProject
Project("{FAE04EC0-301F-11D3-BF4B-00C04F79EFBC}") = "UnityEditor.TestRunner", "UnityEditor.TestRunner.csproj", "{E04236B7-FD4D-3950-5B04-042B64793587}"
EndProject
Project("{FAE04EC0-301F-11D3-BF4B-00C04F79EFBC}") = "Unity.2D.Tilemap.Editor", "Unity.2D.Tilemap.Editor.csproj", "{338F8EAA-CECB-CC4E-8CBA-427CFF9165BD}"
EndProject
Project("{FAE04EC0-301F-11D3-BF4B-00C04F79EFBC}") = "Unity.Rider.Editor", "Unity.Rider.Editor.csproj", "{94D3BD9D-5F43-ED51-3011-1D188F73D04B}"
EndProject
Project("{FAE04EC0-301F-11D3-BF4B-00C04F79EFBC}") = "Unity.2D.Path.Editor", "Unity.2D.Path.Editor.csproj", "{BEE04583-9D71-37F5-3A2A-835B050E893E}"
EndProject
Project("{FAE04EC0-301F-11D3-BF4B-00C04F79EFBC}") = "Unity.Services.Core.Editor", "Unity.Services.Core.Editor.csproj", "{219C46F4-A8CA-8302-4DD9-C0CACB39C167}"
EndProject
Project("{FAE04EC0-301F-11D3-BF4B-00C04F79EFBC}") = "PsdPlugin", "PsdPlugin.csproj", "{09E58FC0-C78C-5C6D-529E-C336862617C9}"
EndProject
Project("{FAE04EC0-301F-11D3-BF4B-00C04F79EFBC}") = "Unity.2D.IK.Editor", "Unity.2D.IK.Editor.csproj", "{B29896D0-63A2-EA87-D683-82E84AABF134}"
EndProject
Project("{FAE04EC0-301F-11D3-BF4B-00C04F79EFBC}") = "Unity.2D.Psdimporter.Editor", "Unity.2D.Psdimporter.Editor.csproj", "{7709E11A-CCD2-9974-59FB-7994FC7301D1}"
EndProject
Project("{FAE04EC0-301F-11D3-BF4B-00C04F79EFBC}") = "Unity.2D.SpriteShape.Editor", "Unity.2D.SpriteShape.Editor.csproj", "{4DD9C4F6-47AA-E961-B441-147D6E5D6BA8}"
EndProject
Project("{FAE04EC0-301F-11D3-BF4B-00C04F79EFBC}") = "Unity.Burst.CodeGen", "Unity.Burst.CodeGen.csproj", "{10FF9DC6-AC90-B066-6116-D2C37E39C7FE}"
EndProject
Project("{FAE04EC0-301F-11D3-BF4B-00C04F79EFBC}") = "Unity.2D.PixelPerfect.Editor", "Unity.2D.PixelPerfect.Editor.csproj", "{E2103238-3D1F-EEDD-F8C5-CEB993855B90}"
EndProject
Project("{FAE04EC0-301F-11D3-BF4B-00C04F79EFBC}") = "Unity.VSCode.Editor", "Unity.VSCode.Editor.csproj", "{E5345960-49AE-3CC7-ACD9-186001434756}"
EndProject
Project("{FAE04EC0-301F-11D3-BF4B-00C04F79EFBC}") = "Unity.2D.Sprite.Editor", "Unity.2D.Sprite.Editor.csproj", "{D4D7041C-85BC-7F83-A631-FB1A13242FD6}"
EndProject
Project("{FAE04EC0-301F-11D3-BF4B-00C04F79EFBC}") = "UnityEditor.UI", "UnityEditor.UI.csproj", "{8D110364-9EE1-351D-AB84-A39F6B8448FF}"
EndProject
Project("{FAE04EC0-301F-11D3-BF4B-00C04F79EFBC}") = "Unity.2D.Common.Editor", "Unity.2D.Common.Editor.csproj", "{E81AEBD3-C30D-6F54-0896-9CA77F7F94F2}"
EndProject
Project("{FAE04EC0-301F-11D3-BF4B-00C04F79EFBC}") = "Unity.Mathematics.Editor", "Unity.Mathematics.Editor.csproj", "{938CE225-F955-789C-DF43-BB5780286E3E}"
EndProject
Project("{FAE04EC0-301F-11D3-BF4B-00C04F79EFBC}") = "Unity.2D.Tilemap.Extras.Editor", "Unity.2D.Tilemap.Extras.Editor.csproj", "{BF87C269-BD87-4F71-71AC-C69654EE9B08}"
EndProject
Project("{FAE04EC0-301F-11D3-BF4B-00C04F79EFBC}") = "Unity.Burst.Editor", "Unity.Burst.Editor.csproj", "{006C3A8C-A7D1-5F4C-129F-B6155A5FC84D}"
EndProject
Project("{FAE04EC0-301F-11D3-BF4B-00C04F79EFBC}") = "Unity.InternalAPIEditorBridge.001", "Unity.InternalAPIEditorBridge.001.csproj", "{9C231189-8986-A3CD-C4E8-244C823A5272}"
EndProject
Project("{FAE04EC0-301F-11D3-BF4B-00C04F79EFBC}") = "Unity.VisualScripting.Shared.Editor", "Unity.VisualScripting.Shared.Editor.csproj", "{3E2A8FA5-639D-AEAE-E194-EC1594E93505}"
EndProject
Project("{FAE04EC0-301F-11D3-BF4B-00C04F79EFBC}") = "UnityEngine.TestRunner", "UnityEngine.TestRunner.Player.csproj", "{2DC4360F-BC3E-7401-99CD-5486C6FD5C06}"
EndProject
Project("{FAE04EC0-301F-11D3-BF4B-00C04F79EFBC}") = "UnityEngine.UI", "UnityEngine.UI.Player.csproj", "{28392506-C112-BAF8-C0AC-818B1971A95E}"
EndProject
Project("{FAE04EC0-301F-11D3-BF4B-00C04F79EFBC}") = "Unity.VisualScripting.Flow", "Unity.VisualScripting.Flow.Player.csproj", "{F5F353D4-48C0-7EDD-3F5F-FFD0E7763A52}"
EndProject
Project("{FAE04EC0-301F-11D3-BF4B-00C04F79EFBC}") = "Unity.Mathematics", "Unity.Mathematics.Player.csproj", "{F392F00A-73FF-3B17-BFE0-1A47C7AAAB6D}"
EndProject
Project("{FAE04EC0-301F-11D3-BF4B-00C04F79EFBC}") = "Unity.VisualScripting.State", "Unity.VisualScripting.State.Player.csproj", "{1B0C5092-11F1-9BEB-3460-BF00E619CA83}"
EndProject
Project("{FAE04EC0-301F-11D3-BF4B-00C04F79EFBC}") = "Unity.VisualScripting.Core", "Unity.VisualScripting.Core.Player.csproj", "{EB0DDD0A-C898-2534-0E27-3BC1B20A6E54}"
EndProject
Project("{FAE04EC0-301F-11D3-BF4B-00C04F79EFBC}") = "Unity.Burst", "Unity.Burst.Player.csproj", "{5F90D23D-223C-8471-B208-4F00454DA37B}"
EndProject
Project("{FAE04EC0-301F-11D3-BF4B-00C04F79EFBC}") = "Unity.2D.Animation.Runtime", "Unity.2D.Animation.Runtime.Player.csproj", "{3831F681-2AA2-67D3-3CFF-24AAD9E194A0}"
EndProject
Project("{FAE04EC0-301F-11D3-BF4B-00C04F79EFBC}") = "Unity.TextMeshPro", "Unity.TextMeshPro.Player.csproj", "{3734FC77-2634-8722-BB49-02ABE3ED2FF9}"
EndProject
Project("{FAE04EC0-301F-11D3-BF4B-00C04F79EFBC}") = "Unity.Timeline", "Unity.Timeline.Player.csproj", "{724393D7-EA0F-9BBD-7903-B1B321F203BC}"
EndProject
Project("{FAE04EC0-301F-11D3-BF4B-00C04F79EFBC}") = "Unity.2D.SpriteShape.Runtime", "Unity.2D.SpriteShape.Runtime.Player.csproj", "{C83F7FFC-C1F0-CA8F-DF7B-2257C43890AF}"
EndProject
Project("{FAE04EC0-301F-11D3-BF4B-00C04F79EFBC}") = "Unity.2D.PixelPerfect", "Unity.2D.PixelPerfect.Player.csproj", "{5A97B964-6F8D-E26C-95EE-A0DDF5E142C3}"
EndProject
Project("{FAE04EC0-301F-11D3-BF4B-00C04F79EFBC}") = "Unity.2D.Common.Runtime", "Unity.2D.Common.Runtime.Player.csproj", "{64AA4F2D-1BD8-623F-F417-8497D15F813B}"
EndProject
Project("{FAE04EC0-301F-11D3-BF4B-00C04F79EFBC}") = "Unity.2D.IK.Runtime", "Unity.2D.IK.Runtime.Player.csproj", "{04453E9A-7E7E-D48D-36FF-C1CA01B462B0}"
EndProject
Project("{FAE04EC0-301F-11D3-BF4B-00C04F79EFBC}") = "Unity.2D.Tilemap.Extras", "Unity.2D.Tilemap.Extras.Player.csproj", "{863FE4A1-EC9C-F971-4B26-0352F9A11C42}"
EndProject
Project("{FAE04EC0-301F-11D3-BF4B-00C04F79EFBC}") = "Unity.InternalAPIEngineBridge.001", "Unity.InternalAPIEngineBridge.001.Player.csproj", "{C49006B8-646B-DA26-4F4F-C6F9D30E301D}"
EndProject
Project("{FAE04EC0-301F-11D3-BF4B-00C04F79EFBC}") = "Assembly-CSharp", "Assembly-CSharp.Player.csproj", "{729B1F1D-FF4B-C9FC-B744-0E67C0B7231F}"
EndProject
Global
	GlobalSection(SolutionConfigurationPlatforms) = preSolution
		Debug|Any CPU = Debug|Any CPU
		Release|Any CPU = Release|Any CPU
	EndGlobalSection
	GlobalSection(ProjectConfigurationPlatforms) = postSolution
		{D4C7D804-CFF5-A2C3-85A0-8C5B9AEA5789}.Debug|Any CPU.ActiveCfg = Debug|Any CPU
		{D4C7D804-CFF5-A2C3-85A0-8C5B9AEA5789}.Debug|Any CPU.Build.0 = Debug|Any CPU
		{D4C7D804-CFF5-A2C3-85A0-8C5B9AEA5789}.Release|Any CPU.ActiveCfg = Release|Any CPU
		{D4C7D804-CFF5-A2C3-85A0-8C5B9AEA5789}.Release|Any CPU.Build.0 = Release|Any CPU
		{A60E58D8-C799-2D0B-A318-0285D004CE01}.Debug|Any CPU.ActiveCfg = Debug|Any CPU
		{A60E58D8-C799-2D0B-A318-0285D004CE01}.Debug|Any CPU.Build.0 = Debug|Any CPU
		{A60E58D8-C799-2D0B-A318-0285D004CE01}.Release|Any CPU.ActiveCfg = Release|Any CPU
		{A60E58D8-C799-2D0B-A318-0285D004CE01}.Release|Any CPU.Build.0 = Release|Any CPU
		{41089C20-F39B-C3A4-32DB-C1A858A45D98}.Debug|Any CPU.ActiveCfg = Debug|Any CPU
		{41089C20-F39B-C3A4-32DB-C1A858A45D98}.Debug|Any CPU.Build.0 = Debug|Any CPU
		{41089C20-F39B-C3A4-32DB-C1A858A45D98}.Release|Any CPU.ActiveCfg = Release|Any CPU
		{41089C20-F39B-C3A4-32DB-C1A858A45D98}.Release|Any CPU.Build.0 = Release|Any CPU
		{18ECE694-D8B9-1D88-2B4C-A761C9116413}.Debug|Any CPU.ActiveCfg = Debug|Any CPU
		{18ECE694-D8B9-1D88-2B4C-A761C9116413}.Debug|Any CPU.Build.0 = Debug|Any CPU
		{18ECE694-D8B9-1D88-2B4C-A761C9116413}.Release|Any CPU.ActiveCfg = Release|Any CPU
		{18ECE694-D8B9-1D88-2B4C-A761C9116413}.Release|Any CPU.Build.0 = Release|Any CPU
		{2517CE8C-E725-43AD-5362-4A52CEE7D327}.Debug|Any CPU.ActiveCfg = Debug|Any CPU
		{2517CE8C-E725-43AD-5362-4A52CEE7D327}.Debug|Any CPU.Build.0 = Debug|Any CPU
		{2517CE8C-E725-43AD-5362-4A52CEE7D327}.Release|Any CPU.ActiveCfg = Release|Any CPU
		{2517CE8C-E725-43AD-5362-4A52CEE7D327}.Release|Any CPU.Build.0 = Release|Any CPU
		{81BECCE2-5621-8D15-4D23-0C799F64E680}.Debug|Any CPU.ActiveCfg = Debug|Any CPU
		{81BECCE2-5621-8D15-4D23-0C799F64E680}.Debug|Any CPU.Build.0 = Debug|Any CPU
		{81BECCE2-5621-8D15-4D23-0C799F64E680}.Release|Any CPU.ActiveCfg = Release|Any CPU
		{81BECCE2-5621-8D15-4D23-0C799F64E680}.Release|Any CPU.Build.0 = Release|Any CPU
		{67CE0C42-8755-5A4E-B80E-C119939FF68B}.Debug|Any CPU.ActiveCfg = Debug|Any CPU
		{67CE0C42-8755-5A4E-B80E-C119939FF68B}.Debug|Any CPU.Build.0 = Debug|Any CPU
		{67CE0C42-8755-5A4E-B80E-C119939FF68B}.Release|Any CPU.ActiveCfg = Release|Any CPU
		{67CE0C42-8755-5A4E-B80E-C119939FF68B}.Release|Any CPU.Build.0 = Release|Any CPU
		{1E0B8E51-DA2F-95C4-B8BD-C0F19D239B54}.Debug|Any CPU.ActiveCfg = Debug|Any CPU
		{1E0B8E51-DA2F-95C4-B8BD-C0F19D239B54}.Debug|Any CPU.Build.0 = Debug|Any CPU
		{1E0B8E51-DA2F-95C4-B8BD-C0F19D239B54}.Release|Any CPU.ActiveCfg = Release|Any CPU
		{1E0B8E51-DA2F-95C4-B8BD-C0F19D239B54}.Release|Any CPU.Build.0 = Release|Any CPU
		{EF731279-E265-0EA5-E36E-88978AD8AA2C}.Debug|Any CPU.ActiveCfg = Debug|Any CPU
		{EF731279-E265-0EA5-E36E-88978AD8AA2C}.Debug|Any CPU.Build.0 = Debug|Any CPU
		{EF731279-E265-0EA5-E36E-88978AD8AA2C}.Release|Any CPU.ActiveCfg = Release|Any CPU
		{EF731279-E265-0EA5-E36E-88978AD8AA2C}.Release|Any CPU.Build.0 = Release|Any CPU
		{A77977E0-476B-F3E0-1565-35A7968A92F0}.Debug|Any CPU.ActiveCfg = Debug|Any CPU
		{A77977E0-476B-F3E0-1565-35A7968A92F0}.Debug|Any CPU.Build.0 = Debug|Any CPU
		{A77977E0-476B-F3E0-1565-35A7968A92F0}.Release|Any CPU.ActiveCfg = Release|Any CPU
		{A77977E0-476B-F3E0-1565-35A7968A92F0}.Release|Any CPU.Build.0 = Release|Any CPU
		{781AEB40-4759-9DC7-00A1-58D109B1C601}.Debug|Any CPU.ActiveCfg = Debug|Any CPU
		{781AEB40-4759-9DC7-00A1-58D109B1C601}.Debug|Any CPU.Build.0 = Debug|Any CPU
		{781AEB40-4759-9DC7-00A1-58D109B1C601}.Release|Any CPU.ActiveCfg = Release|Any CPU
		{781AEB40-4759-9DC7-00A1-58D109B1C601}.Release|Any CPU.Build.0 = Release|Any CPU
		{7408A09D-9C3D-B29A-3027-57EB8987AE69}.Debug|Any CPU.ActiveCfg = Debug|Any CPU
		{7408A09D-9C3D-B29A-3027-57EB8987AE69}.Debug|Any CPU.Build.0 = Debug|Any CPU
		{7408A09D-9C3D-B29A-3027-57EB8987AE69}.Release|Any CPU.ActiveCfg = Release|Any CPU
		{7408A09D-9C3D-B29A-3027-57EB8987AE69}.Release|Any CPU.Build.0 = Release|Any CPU
		{F239311C-F34B-7B11-EFAF-D7A2E4438DF9}.Debug|Any CPU.ActiveCfg = Debug|Any CPU
		{F239311C-F34B-7B11-EFAF-D7A2E4438DF9}.Debug|Any CPU.Build.0 = Debug|Any CPU
		{F239311C-F34B-7B11-EFAF-D7A2E4438DF9}.Release|Any CPU.ActiveCfg = Release|Any CPU
		{F239311C-F34B-7B11-EFAF-D7A2E4438DF9}.Release|Any CPU.Build.0 = Release|Any CPU
		{53F47C8D-DCA0-D5E1-BC50-9ECA49679010}.Debug|Any CPU.ActiveCfg = Debug|Any CPU
		{53F47C8D-DCA0-D5E1-BC50-9ECA49679010}.Debug|Any CPU.Build.0 = Debug|Any CPU
		{53F47C8D-DCA0-D5E1-BC50-9ECA49679010}.Release|Any CPU.ActiveCfg = Release|Any CPU
		{53F47C8D-DCA0-D5E1-BC50-9ECA49679010}.Release|Any CPU.Build.0 = Release|Any CPU
		{613E3C21-59AD-9012-6205-50DFF953228E}.Debug|Any CPU.ActiveCfg = Debug|Any CPU
		{613E3C21-59AD-9012-6205-50DFF953228E}.Debug|Any CPU.Build.0 = Debug|Any CPU
		{613E3C21-59AD-9012-6205-50DFF953228E}.Release|Any CPU.ActiveCfg = Release|Any CPU
		{613E3C21-59AD-9012-6205-50DFF953228E}.Release|Any CPU.Build.0 = Release|Any CPU
		{386D0112-4854-1737-AD12-523222A01802}.Debug|Any CPU.ActiveCfg = Debug|Any CPU
		{386D0112-4854-1737-AD12-523222A01802}.Debug|Any CPU.Build.0 = Debug|Any CPU
		{386D0112-4854-1737-AD12-523222A01802}.Release|Any CPU.ActiveCfg = Release|Any CPU
		{386D0112-4854-1737-AD12-523222A01802}.Release|Any CPU.Build.0 = Release|Any CPU
		{9AD45770-5278-734E-9CA4-7AC8ED7B383A}.Debug|Any CPU.ActiveCfg = Debug|Any CPU
		{9AD45770-5278-734E-9CA4-7AC8ED7B383A}.Debug|Any CPU.Build.0 = Debug|Any CPU
		{9AD45770-5278-734E-9CA4-7AC8ED7B383A}.Release|Any CPU.ActiveCfg = Release|Any CPU
		{9AD45770-5278-734E-9CA4-7AC8ED7B383A}.Release|Any CPU.Build.0 = Release|Any CPU
		{2557400C-8B3D-5460-C94A-6CFF4BF3B804}.Debug|Any CPU.ActiveCfg = Debug|Any CPU
		{2557400C-8B3D-5460-C94A-6CFF4BF3B804}.Debug|Any CPU.Build.0 = Debug|Any CPU
		{2557400C-8B3D-5460-C94A-6CFF4BF3B804}.Release|Any CPU.ActiveCfg = Release|Any CPU
		{2557400C-8B3D-5460-C94A-6CFF4BF3B804}.Release|Any CPU.Build.0 = Release|Any CPU
		{AC97CBEA-7E7F-6E6A-81BF-49FF8433F1C3}.Debug|Any CPU.ActiveCfg = Debug|Any CPU
		{AC97CBEA-7E7F-6E6A-81BF-49FF8433F1C3}.Debug|Any CPU.Build.0 = Debug|Any CPU
		{AC97CBEA-7E7F-6E6A-81BF-49FF8433F1C3}.Release|Any CPU.ActiveCfg = Release|Any CPU
		{AC97CBEA-7E7F-6E6A-81BF-49FF8433F1C3}.Release|Any CPU.Build.0 = Release|Any CPU
		{B9015E3B-44DD-8C6B-42D3-3F9125C715B9}.Debug|Any CPU.ActiveCfg = Debug|Any CPU
		{B9015E3B-44DD-8C6B-42D3-3F9125C715B9}.Debug|Any CPU.Build.0 = Debug|Any CPU
		{B9015E3B-44DD-8C6B-42D3-3F9125C715B9}.Release|Any CPU.ActiveCfg = Release|Any CPU
		{B9015E3B-44DD-8C6B-42D3-3F9125C715B9}.Release|Any CPU.Build.0 = Release|Any CPU
		{BF210D75-D281-8F4C-C37E-10E09019FF72}.Debug|Any CPU.ActiveCfg = Debug|Any CPU
		{BF210D75-D281-8F4C-C37E-10E09019FF72}.Debug|Any CPU.Build.0 = Debug|Any CPU
		{BF210D75-D281-8F4C-C37E-10E09019FF72}.Release|Any CPU.ActiveCfg = Release|Any CPU
		{BF210D75-D281-8F4C-C37E-10E09019FF72}.Release|Any CPU.Build.0 = Release|Any CPU
		{26E43C95-B6A5-B35C-C3D3-D02F9545BBDD}.Debug|Any CPU.ActiveCfg = Debug|Any CPU
		{26E43C95-B6A5-B35C-C3D3-D02F9545BBDD}.Debug|Any CPU.Build.0 = Debug|Any CPU
		{26E43C95-B6A5-B35C-C3D3-D02F9545BBDD}.Release|Any CPU.ActiveCfg = Release|Any CPU
		{26E43C95-B6A5-B35C-C3D3-D02F9545BBDD}.Release|Any CPU.Build.0 = Release|Any CPU
		{C2D7958E-7773-CEDB-CF25-050A139AE7E6}.Debug|Any CPU.ActiveCfg = Debug|Any CPU
		{C2D7958E-7773-CEDB-CF25-050A139AE7E6}.Debug|Any CPU.Build.0 = Debug|Any CPU
		{C2D7958E-7773-CEDB-CF25-050A139AE7E6}.Release|Any CPU.ActiveCfg = Release|Any CPU
		{C2D7958E-7773-CEDB-CF25-050A139AE7E6}.Release|Any CPU.Build.0 = Release|Any CPU
		{22142030-DA3B-0A0E-AA8B-6D5729570AE5}.Debug|Any CPU.ActiveCfg = Debug|Any CPU
		{22142030-DA3B-0A0E-AA8B-6D5729570AE5}.Debug|Any CPU.Build.0 = Debug|Any CPU
		{22142030-DA3B-0A0E-AA8B-6D5729570AE5}.Release|Any CPU.ActiveCfg = Release|Any CPU
		{22142030-DA3B-0A0E-AA8B-6D5729570AE5}.Release|Any CPU.Build.0 = Release|Any CPU
		{C52E350B-9F40-7B87-492C-FF03AFDB2E40}.Debug|Any CPU.ActiveCfg = Debug|Any CPU
		{C52E350B-9F40-7B87-492C-FF03AFDB2E40}.Debug|Any CPU.Build.0 = Debug|Any CPU
		{C52E350B-9F40-7B87-492C-FF03AFDB2E40}.Release|Any CPU.ActiveCfg = Release|Any CPU
		{C52E350B-9F40-7B87-492C-FF03AFDB2E40}.Release|Any CPU.Build.0 = Release|Any CPU
		{DE8EB653-8C53-3CB3-69C6-5D1F842C5C9C}.Debug|Any CPU.ActiveCfg = Debug|Any CPU
		{DE8EB653-8C53-3CB3-69C6-5D1F842C5C9C}.Debug|Any CPU.Build.0 = Debug|Any CPU
		{DE8EB653-8C53-3CB3-69C6-5D1F842C5C9C}.Release|Any CPU.ActiveCfg = Release|Any CPU
		{DE8EB653-8C53-3CB3-69C6-5D1F842C5C9C}.Release|Any CPU.Build.0 = Release|Any CPU
		{EE5F09B9-25D5-5377-C734-F7270F114A05}.Debug|Any CPU.ActiveCfg = Debug|Any CPU
		{EE5F09B9-25D5-5377-C734-F7270F114A05}.Debug|Any CPU.Build.0 = Debug|Any CPU
		{EE5F09B9-25D5-5377-C734-F7270F114A05}.Release|Any CPU.ActiveCfg = Release|Any CPU
		{EE5F09B9-25D5-5377-C734-F7270F114A05}.Release|Any CPU.Build.0 = Release|Any CPU
		{E04236B7-FD4D-3950-5B04-042B64793587}.Debug|Any CPU.ActiveCfg = Debug|Any CPU
		{E04236B7-FD4D-3950-5B04-042B64793587}.Debug|Any CPU.Build.0 = Debug|Any CPU
		{E04236B7-FD4D-3950-5B04-042B64793587}.Release|Any CPU.ActiveCfg = Release|Any CPU
		{E04236B7-FD4D-3950-5B04-042B64793587}.Release|Any CPU.Build.0 = Release|Any CPU
		{338F8EAA-CECB-CC4E-8CBA-427CFF9165BD}.Debug|Any CPU.ActiveCfg = Debug|Any CPU
		{338F8EAA-CECB-CC4E-8CBA-427CFF9165BD}.Debug|Any CPU.Build.0 = Debug|Any CPU
		{338F8EAA-CECB-CC4E-8CBA-427CFF9165BD}.Release|Any CPU.ActiveCfg = Release|Any CPU
		{338F8EAA-CECB-CC4E-8CBA-427CFF9165BD}.Release|Any CPU.Build.0 = Release|Any CPU
		{94D3BD9D-5F43-ED51-3011-1D188F73D04B}.Debug|Any CPU.ActiveCfg = Debug|Any CPU
		{94D3BD9D-5F43-ED51-3011-1D188F73D04B}.Debug|Any CPU.Build.0 = Debug|Any CPU
		{94D3BD9D-5F43-ED51-3011-1D188F73D04B}.Release|Any CPU.ActiveCfg = Release|Any CPU
		{94D3BD9D-5F43-ED51-3011-1D188F73D04B}.Release|Any CPU.Build.0 = Release|Any CPU
		{BEE04583-9D71-37F5-3A2A-835B050E893E}.Debug|Any CPU.ActiveCfg = Debug|Any CPU
		{BEE04583-9D71-37F5-3A2A-835B050E893E}.Debug|Any CPU.Build.0 = Debug|Any CPU
		{BEE04583-9D71-37F5-3A2A-835B050E893E}.Release|Any CPU.ActiveCfg = Release|Any CPU
		{BEE04583-9D71-37F5-3A2A-835B050E893E}.Release|Any CPU.Build.0 = Release|Any CPU
		{219C46F4-A8CA-8302-4DD9-C0CACB39C167}.Debug|Any CPU.ActiveCfg = Debug|Any CPU
		{219C46F4-A8CA-8302-4DD9-C0CACB39C167}.Debug|Any CPU.Build.0 = Debug|Any CPU
		{219C46F4-A8CA-8302-4DD9-C0CACB39C167}.Release|Any CPU.ActiveCfg = Release|Any CPU
		{219C46F4-A8CA-8302-4DD9-C0CACB39C167}.Release|Any CPU.Build.0 = Release|Any CPU
		{09E58FC0-C78C-5C6D-529E-C336862617C9}.Debug|Any CPU.ActiveCfg = Debug|Any CPU
		{09E58FC0-C78C-5C6D-529E-C336862617C9}.Debug|Any CPU.Build.0 = Debug|Any CPU
		{09E58FC0-C78C-5C6D-529E-C336862617C9}.Release|Any CPU.ActiveCfg = Release|Any CPU
		{09E58FC0-C78C-5C6D-529E-C336862617C9}.Release|Any CPU.Build.0 = Release|Any CPU
		{B29896D0-63A2-EA87-D683-82E84AABF134}.Debug|Any CPU.ActiveCfg = Debug|Any CPU
		{B29896D0-63A2-EA87-D683-82E84AABF134}.Debug|Any CPU.Build.0 = Debug|Any CPU
		{B29896D0-63A2-EA87-D683-82E84AABF134}.Release|Any CPU.ActiveCfg = Release|Any CPU
		{B29896D0-63A2-EA87-D683-82E84AABF134}.Release|Any CPU.Build.0 = Release|Any CPU
		{7709E11A-CCD2-9974-59FB-7994FC7301D1}.Debug|Any CPU.ActiveCfg = Debug|Any CPU
		{7709E11A-CCD2-9974-59FB-7994FC7301D1}.Debug|Any CPU.Build.0 = Debug|Any CPU
		{7709E11A-CCD2-9974-59FB-7994FC7301D1}.Release|Any CPU.ActiveCfg = Release|Any CPU
		{7709E11A-CCD2-9974-59FB-7994FC7301D1}.Release|Any CPU.Build.0 = Release|Any CPU
		{4DD9C4F6-47AA-E961-B441-147D6E5D6BA8}.Debug|Any CPU.ActiveCfg = Debug|Any CPU
		{4DD9C4F6-47AA-E961-B441-147D6E5D6BA8}.Debug|Any CPU.Build.0 = Debug|Any CPU
		{4DD9C4F6-47AA-E961-B441-147D6E5D6BA8}.Release|Any CPU.ActiveCfg = Release|Any CPU
		{4DD9C4F6-47AA-E961-B441-147D6E5D6BA8}.Release|Any CPU.Build.0 = Release|Any CPU
		{10FF9DC6-AC90-B066-6116-D2C37E39C7FE}.Debug|Any CPU.ActiveCfg = Debug|Any CPU
		{10FF9DC6-AC90-B066-6116-D2C37E39C7FE}.Debug|Any CPU.Build.0 = Debug|Any CPU
		{10FF9DC6-AC90-B066-6116-D2C37E39C7FE}.Release|Any CPU.ActiveCfg = Release|Any CPU
		{10FF9DC6-AC90-B066-6116-D2C37E39C7FE}.Release|Any CPU.Build.0 = Release|Any CPU
		{E2103238-3D1F-EEDD-F8C5-CEB993855B90}.Debug|Any CPU.ActiveCfg = Debug|Any CPU
		{E2103238-3D1F-EEDD-F8C5-CEB993855B90}.Debug|Any CPU.Build.0 = Debug|Any CPU
		{E2103238-3D1F-EEDD-F8C5-CEB993855B90}.Release|Any CPU.ActiveCfg = Release|Any CPU
		{E2103238-3D1F-EEDD-F8C5-CEB993855B90}.Release|Any CPU.Build.0 = Release|Any CPU
		{E5345960-49AE-3CC7-ACD9-186001434756}.Debug|Any CPU.ActiveCfg = Debug|Any CPU
		{E5345960-49AE-3CC7-ACD9-186001434756}.Debug|Any CPU.Build.0 = Debug|Any CPU
		{E5345960-49AE-3CC7-ACD9-186001434756}.Release|Any CPU.ActiveCfg = Release|Any CPU
		{E5345960-49AE-3CC7-ACD9-186001434756}.Release|Any CPU.Build.0 = Release|Any CPU
		{D4D7041C-85BC-7F83-A631-FB1A13242FD6}.Debug|Any CPU.ActiveCfg = Debug|Any CPU
		{D4D7041C-85BC-7F83-A631-FB1A13242FD6}.Debug|Any CPU.Build.0 = Debug|Any CPU
		{D4D7041C-85BC-7F83-A631-FB1A13242FD6}.Release|Any CPU.ActiveCfg = Release|Any CPU
		{D4D7041C-85BC-7F83-A631-FB1A13242FD6}.Release|Any CPU.Build.0 = Release|Any CPU
		{8D110364-9EE1-351D-AB84-A39F6B8448FF}.Debug|Any CPU.ActiveCfg = Debug|Any CPU
		{8D110364-9EE1-351D-AB84-A39F6B8448FF}.Debug|Any CPU.Build.0 = Debug|Any CPU
		{8D110364-9EE1-351D-AB84-A39F6B8448FF}.Release|Any CPU.ActiveCfg = Release|Any CPU
		{8D110364-9EE1-351D-AB84-A39F6B8448FF}.Release|Any CPU.Build.0 = Release|Any CPU
		{E81AEBD3-C30D-6F54-0896-9CA77F7F94F2}.Debug|Any CPU.ActiveCfg = Debug|Any CPU
		{E81AEBD3-C30D-6F54-0896-9CA77F7F94F2}.Debug|Any CPU.Build.0 = Debug|Any CPU
		{E81AEBD3-C30D-6F54-0896-9CA77F7F94F2}.Release|Any CPU.ActiveCfg = Release|Any CPU
		{E81AEBD3-C30D-6F54-0896-9CA77F7F94F2}.Release|Any CPU.Build.0 = Release|Any CPU
		{938CE225-F955-789C-DF43-BB5780286E3E}.Debug|Any CPU.ActiveCfg = Debug|Any CPU
		{938CE225-F955-789C-DF43-BB5780286E3E}.Debug|Any CPU.Build.0 = Debug|Any CPU
		{938CE225-F955-789C-DF43-BB5780286E3E}.Release|Any CPU.ActiveCfg = Release|Any CPU
		{938CE225-F955-789C-DF43-BB5780286E3E}.Release|Any CPU.Build.0 = Release|Any CPU
		{BF87C269-BD87-4F71-71AC-C69654EE9B08}.Debug|Any CPU.ActiveCfg = Debug|Any CPU
		{BF87C269-BD87-4F71-71AC-C69654EE9B08}.Debug|Any CPU.Build.0 = Debug|Any CPU
		{BF87C269-BD87-4F71-71AC-C69654EE9B08}.Release|Any CPU.ActiveCfg = Release|Any CPU
		{BF87C269-BD87-4F71-71AC-C69654EE9B08}.Release|Any CPU.Build.0 = Release|Any CPU
		{006C3A8C-A7D1-5F4C-129F-B6155A5FC84D}.Debug|Any CPU.ActiveCfg = Debug|Any CPU
		{006C3A8C-A7D1-5F4C-129F-B6155A5FC84D}.Debug|Any CPU.Build.0 = Debug|Any CPU
		{006C3A8C-A7D1-5F4C-129F-B6155A5FC84D}.Release|Any CPU.ActiveCfg = Release|Any CPU
		{006C3A8C-A7D1-5F4C-129F-B6155A5FC84D}.Release|Any CPU.Build.0 = Release|Any CPU
		{9C231189-8986-A3CD-C4E8-244C823A5272}.Debug|Any CPU.ActiveCfg = Debug|Any CPU
		{9C231189-8986-A3CD-C4E8-244C823A5272}.Debug|Any CPU.Build.0 = Debug|Any CPU
		{9C231189-8986-A3CD-C4E8-244C823A5272}.Release|Any CPU.ActiveCfg = Release|Any CPU
		{9C231189-8986-A3CD-C4E8-244C823A5272}.Release|Any CPU.Build.0 = Release|Any CPU
		{3E2A8FA5-639D-AEAE-E194-EC1594E93505}.Debug|Any CPU.ActiveCfg = Debug|Any CPU
		{3E2A8FA5-639D-AEAE-E194-EC1594E93505}.Debug|Any CPU.Build.0 = Debug|Any CPU
		{3E2A8FA5-639D-AEAE-E194-EC1594E93505}.Release|Any CPU.ActiveCfg = Release|Any CPU
		{3E2A8FA5-639D-AEAE-E194-EC1594E93505}.Release|Any CPU.Build.0 = Release|Any CPU
		{2DC4360F-BC3E-7401-99CD-5486C6FD5C06}.Debug|Any CPU.ActiveCfg = Debug|Any CPU
		{2DC4360F-BC3E-7401-99CD-5486C6FD5C06}.Debug|Any CPU.Build.0 = Debug|Any CPU
		{2DC4360F-BC3E-7401-99CD-5486C6FD5C06}.Release|Any CPU.ActiveCfg = Release|Any CPU
		{2DC4360F-BC3E-7401-99CD-5486C6FD5C06}.Release|Any CPU.Build.0 = Release|Any CPU
		{28392506-C112-BAF8-C0AC-818B1971A95E}.Debug|Any CPU.ActiveCfg = Debug|Any CPU
		{28392506-C112-BAF8-C0AC-818B1971A95E}.Debug|Any CPU.Build.0 = Debug|Any CPU
		{28392506-C112-BAF8-C0AC-818B1971A95E}.Release|Any CPU.ActiveCfg = Release|Any CPU
		{28392506-C112-BAF8-C0AC-818B1971A95E}.Release|Any CPU.Build.0 = Release|Any CPU
		{F5F353D4-48C0-7EDD-3F5F-FFD0E7763A52}.Debug|Any CPU.ActiveCfg = Debug|Any CPU
		{F5F353D4-48C0-7EDD-3F5F-FFD0E7763A52}.Debug|Any CPU.Build.0 = Debug|Any CPU
		{F5F353D4-48C0-7EDD-3F5F-FFD0E7763A52}.Release|Any CPU.ActiveCfg = Release|Any CPU
		{F5F353D4-48C0-7EDD-3F5F-FFD0E7763A52}.Release|Any CPU.Build.0 = Release|Any CPU
		{F392F00A-73FF-3B17-BFE0-1A47C7AAAB6D}.Debug|Any CPU.ActiveCfg = Debug|Any CPU
		{F392F00A-73FF-3B17-BFE0-1A47C7AAAB6D}.Debug|Any CPU.Build.0 = Debug|Any CPU
		{F392F00A-73FF-3B17-BFE0-1A47C7AAAB6D}.Release|Any CPU.ActiveCfg = Release|Any CPU
		{F392F00A-73FF-3B17-BFE0-1A47C7AAAB6D}.Release|Any CPU.Build.0 = Release|Any CPU
		{1B0C5092-11F1-9BEB-3460-BF00E619CA83}.Debug|Any CPU.ActiveCfg = Debug|Any CPU
		{1B0C5092-11F1-9BEB-3460-BF00E619CA83}.Debug|Any CPU.Build.0 = Debug|Any CPU
		{1B0C5092-11F1-9BEB-3460-BF00E619CA83}.Release|Any CPU.ActiveCfg = Release|Any CPU
		{1B0C5092-11F1-9BEB-3460-BF00E619CA83}.Release|Any CPU.Build.0 = Release|Any CPU
		{EB0DDD0A-C898-2534-0E27-3BC1B20A6E54}.Debug|Any CPU.ActiveCfg = Debug|Any CPU
		{EB0DDD0A-C898-2534-0E27-3BC1B20A6E54}.Debug|Any CPU.Build.0 = Debug|Any CPU
		{EB0DDD0A-C898-2534-0E27-3BC1B20A6E54}.Release|Any CPU.ActiveCfg = Release|Any CPU
		{EB0DDD0A-C898-2534-0E27-3BC1B20A6E54}.Release|Any CPU.Build.0 = Release|Any CPU
		{5F90D23D-223C-8471-B208-4F00454DA37B}.Debug|Any CPU.ActiveCfg = Debug|Any CPU
		{5F90D23D-223C-8471-B208-4F00454DA37B}.Debug|Any CPU.Build.0 = Debug|Any CPU
		{5F90D23D-223C-8471-B208-4F00454DA37B}.Release|Any CPU.ActiveCfg = Release|Any CPU
		{5F90D23D-223C-8471-B208-4F00454DA37B}.Release|Any CPU.Build.0 = Release|Any CPU
		{3831F681-2AA2-67D3-3CFF-24AAD9E194A0}.Debug|Any CPU.ActiveCfg = Debug|Any CPU
		{3831F681-2AA2-67D3-3CFF-24AAD9E194A0}.Debug|Any CPU.Build.0 = Debug|Any CPU
		{3831F681-2AA2-67D3-3CFF-24AAD9E194A0}.Release|Any CPU.ActiveCfg = Release|Any CPU
		{3831F681-2AA2-67D3-3CFF-24AAD9E194A0}.Release|Any CPU.Build.0 = Release|Any CPU
		{3734FC77-2634-8722-BB49-02ABE3ED2FF9}.Debug|Any CPU.ActiveCfg = Debug|Any CPU
		{3734FC77-2634-8722-BB49-02ABE3ED2FF9}.Debug|Any CPU.Build.0 = Debug|Any CPU
		{3734FC77-2634-8722-BB49-02ABE3ED2FF9}.Release|Any CPU.ActiveCfg = Release|Any CPU
		{3734FC77-2634-8722-BB49-02ABE3ED2FF9}.Release|Any CPU.Build.0 = Release|Any CPU
		{724393D7-EA0F-9BBD-7903-B1B321F203BC}.Debug|Any CPU.ActiveCfg = Debug|Any CPU
		{724393D7-EA0F-9BBD-7903-B1B321F203BC}.Debug|Any CPU.Build.0 = Debug|Any CPU
		{724393D7-EA0F-9BBD-7903-B1B321F203BC}.Release|Any CPU.ActiveCfg = Release|Any CPU
		{724393D7-EA0F-9BBD-7903-B1B321F203BC}.Release|Any CPU.Build.0 = Release|Any CPU
		{C83F7FFC-C1F0-CA8F-DF7B-2257C43890AF}.Debug|Any CPU.ActiveCfg = Debug|Any CPU
		{C83F7FFC-C1F0-CA8F-DF7B-2257C43890AF}.Debug|Any CPU.Build.0 = Debug|Any CPU
		{C83F7FFC-C1F0-CA8F-DF7B-2257C43890AF}.Release|Any CPU.ActiveCfg = Release|Any CPU
		{C83F7FFC-C1F0-CA8F-DF7B-2257C43890AF}.Release|Any CPU.Build.0 = Release|Any CPU
		{5A97B964-6F8D-E26C-95EE-A0DDF5E142C3}.Debug|Any CPU.ActiveCfg = Debug|Any CPU
		{5A97B964-6F8D-E26C-95EE-A0DDF5E142C3}.Debug|Any CPU.Build.0 = Debug|Any CPU
		{5A97B964-6F8D-E26C-95EE-A0DDF5E142C3}.Release|Any CPU.ActiveCfg = Release|Any CPU
		{5A97B964-6F8D-E26C-95EE-A0DDF5E142C3}.Release|Any CPU.Build.0 = Release|Any CPU
		{64AA4F2D-1BD8-623F-F417-8497D15F813B}.Debug|Any CPU.ActiveCfg = Debug|Any CPU
		{64AA4F2D-1BD8-623F-F417-8497D15F813B}.Debug|Any CPU.Build.0 = Debug|Any CPU
		{64AA4F2D-1BD8-623F-F417-8497D15F813B}.Release|Any CPU.ActiveCfg = Release|Any CPU
		{64AA4F2D-1BD8-623F-F417-8497D15F813B}.Release|Any CPU.Build.0 = Release|Any CPU
		{04453E9A-7E7E-D48D-36FF-C1CA01B462B0}.Debug|Any CPU.ActiveCfg = Debug|Any CPU
		{04453E9A-7E7E-D48D-36FF-C1CA01B462B0}.Debug|Any CPU.Build.0 = Debug|Any CPU
		{04453E9A-7E7E-D48D-36FF-C1CA01B462B0}.Release|Any CPU.ActiveCfg = Release|Any CPU
		{04453E9A-7E7E-D48D-36FF-C1CA01B462B0}.Release|Any CPU.Build.0 = Release|Any CPU
		{863FE4A1-EC9C-F971-4B26-0352F9A11C42}.Debug|Any CPU.ActiveCfg = Debug|Any CPU
		{863FE4A1-EC9C-F971-4B26-0352F9A11C42}.Debug|Any CPU.Build.0 = Debug|Any CPU
		{863FE4A1-EC9C-F971-4B26-0352F9A11C42}.Release|Any CPU.ActiveCfg = Release|Any CPU
		{863FE4A1-EC9C-F971-4B26-0352F9A11C42}.Release|Any CPU.Build.0 = Release|Any CPU
		{C49006B8-646B-DA26-4F4F-C6F9D30E301D}.Debug|Any CPU.ActiveCfg = Debug|Any CPU
		{C49006B8-646B-DA26-4F4F-C6F9D30E301D}.Debug|Any CPU.Build.0 = Debug|Any CPU
		{C49006B8-646B-DA26-4F4F-C6F9D30E301D}.Release|Any CPU.ActiveCfg = Release|Any CPU
		{C49006B8-646B-DA26-4F4F-C6F9D30E301D}.Release|Any CPU.Build.0 = Release|Any CPU
		{729B1F1D-FF4B-C9FC-B744-0E67C0B7231F}.Debug|Any CPU.ActiveCfg = Debug|Any CPU
		{729B1F1D-FF4B-C9FC-B744-0E67C0B7231F}.Debug|Any CPU.Build.0 = Debug|Any CPU
		{729B1F1D-FF4B-C9FC-B744-0E67C0B7231F}.Release|Any CPU.ActiveCfg = Release|Any CPU
		{729B1F1D-FF4B-C9FC-B744-0E67C0B7231F}.Release|Any CPU.Build.0 = Release|Any CPU
	EndGlobalSection
	GlobalSection(SolutionProperties) = preSolution
		HideSolutionNode = FALSE
	EndGlobalSection
EndGlobal
